{
  "version": "4",
  "specifiers": {
    "jsr:@std/assert@1": "1.0.8",
    "jsr:@std/cli@^1.0.6": "1.0.6",
    "jsr:@std/fs@^1.0.5": "1.0.5",
    "jsr:@std/internal@^1.0.5": "1.0.5",
    "jsr:@std/path@^1.0.7": "1.0.8",
    "npm:@types/node@*": "22.5.4",
    "npm:exif-reader@*": "2.0.1",
    "npm:exif-reader@2.0.1": "2.0.1",
    "npm:exifreader@4.25.0": "4.25.0"
  },
  "jsr": {
    "@std/assert@1.0.8": {
      "integrity": "ebe0bd7eb488ee39686f77003992f389a06c3da1bbd8022184804852b2fa641b",
      "dependencies": [
        "jsr:@std/internal"
      ]
    },
    "@std/cli@1.0.6": {
      "integrity": "d22d8b38c66c666d7ad1f2a66c5b122da1704f985d3c47f01129f05abb6c5d3d"
    },
    "@std/fs@1.0.5": {
      "integrity": "41806ad6823d0b5f275f9849a2640d87e4ef67c51ee1b8fb02426f55e02fd44e",
      "dependencies": [
        "jsr:@std/path"
      ]
    },
    "@std/internal@1.0.5": {
      "integrity": "54a546004f769c1ac9e025abd15a76b6671ddc9687e2313b67376125650dc7ba"
    },
    "@std/path@1.0.8": {
      "integrity": "548fa456bb6a04d3c1a1e7477986b6cffbce95102d0bb447c67c4ee70e0364be"
    }
  },
  "npm": {
    "@types/node@22.5.4": {
      "integrity": "sha512-FDuKUJQm/ju9fT/SeX/6+gBzoPzlVCzfzmGkwKvRHQVxi4BntVbyIwf6a4Xn62mrvndLiml6z/UBXIdEVjQLXg==",
      "dependencies": [
        "undici-types"
      ]
    },
    "@xmldom/xmldom@0.9.5": {
      "integrity": "sha512-6g1EwSs8cr8JhP1iBxzyVAWM6BIDvx9Y3FZRIQiMDzgG43Pxi8YkWOZ0nQj2NHgNzgXDZbJewFx/n+YAvMZrfg=="
    },
    "exif-reader@2.0.1": {
      "integrity": "sha512-gCQ/86RiAWSjeSlalj1G99IC6XnxbwkvB91HLqhh8somj/YBtC/2xuplvyjDjlfO7NsmYREPPElu/Syuy/H52g=="
    },
    "exifreader@4.25.0": {
      "integrity": "sha512-lPyPXWTUuYgoKdKf3rw2EDoE9Zl7xHoy/ehPNeQ4gFVNLzfLyNMP4oEI+sP0/Czp5r/2i7cFhqg5MHsl4FYtyw==",
      "dependencies": [
        "@xmldom/xmldom"
      ]
    },
    "undici-types@6.19.8": {
      "integrity": "sha512-ve2KP6f/JnbPBFyobGHuerC9g1FYGn/F8n1LWTwNxCEzd6IfqTwUQcNXgEtmmQ6DlRrC1hrSrBnCZPokRrDHjw=="
    }
  },
  "workspace": {
    "dependencies": [
      "jsr:@std/assert@1",
      "jsr:@std/cli@^1.0.6",
      "jsr:@std/fs@^1.0.5"
    ]
  }
}
